
Microsoft Visual Studio Solution File, Format Version 12.00
Project("{FAE04EC0-301F-11D3-BF4B-00C04F79EFBC}") = "AreaCalculator", "AreaCalculator\AreaCalculator.csproj", "{C8547C35-35AE-4B0B-8C11-1CECD6384959}"
EndProject
Project("{FAE04EC0-301F-11D3-BF4B-00C04F79EFBC}") = "AreaCalculatorTests", "AreaCalculatorTests\AreaCalculatorTests.csproj", "{0EF3226A-03FB-498B-ACE4-896ABFF3AE62}"
EndProject
Global
	GlobalSection(SolutionConfigurationPlatforms) = preSolution
		Debug|Any CPU = Debug|Any CPU
		Release|Any CPU = Release|Any CPU
	EndGlobalSection
	GlobalSection(ProjectConfigurationPlatforms) = postSolution
		{C8547C35-35AE-4B0B-8C11-1CECD6384959}.Debug|Any CPU.ActiveCfg = Debug|Any CPU
		{C8547C35-35AE-4B0B-8C11-1CECD6384959}.Debug|Any CPU.Build.0 = Debug|Any CPU
		{C8547C35-35AE-4B0B-8C11-1CECD6384959}.Release|Any CPU.ActiveCfg = Release|Any CPU
		{C8547C35-35AE-4B0B-8C11-1CECD6384959}.Release|Any CPU.Build.0 = Release|Any CPU
		{0EF3226A-03FB-498B-ACE4-896ABFF3AE62}.Debug|Any CPU.ActiveCfg = Debug|Any CPU
		{0EF3226A-03FB-498B-ACE4-896ABFF3AE62}.Debug|Any CPU.Build.0 = Debug|Any CPU
		{0EF3226A-03FB-498B-ACE4-896ABFF3AE62}.Release|Any CPU.ActiveCfg = Release|Any CPU
		{0EF3226A-03FB-498B-ACE4-896ABFF3AE62}.Release|Any CPU.Build.0 = Release|Any CPU
	EndGlobalSection
EndGlobal
